
Microsoft Visual Studio Solution File, Format Version 12.00
# Visual Studio 2012
Project("{8BC9CEB8-8B4A-11D0-8D11-00A0C91BC942}") = "cohen-suther", "cohen-suther\cohen-suther.vcxproj", "{F19DEEBA-B309-4CC5-BA70-CA0A609BE383}"
EndProject
Global
	GlobalSection(SolutionConfigurationPlatforms) = preSolution
		Debug|Win32 = Debug|Win32
		Release|Win32 = Release|Win32
	EndGlobalSection
	GlobalSection(ProjectConfigurationPlatforms) = postSolution
		{F19DEEBA-B309-4CC5-BA70-CA0A609BE383}.Debug|Win32.ActiveCfg = Debug|Win32
		{F19DEEBA-B309-4CC5-BA70-CA0A609BE383}.Debug|Win32.Build.0 = Debug|Win32
		{F19DEEBA-B309-4CC5-BA70-CA0A609BE383}.Release|Win32.ActiveCfg = Release|Win32
		{F19DEEBA-B309-4CC5-BA70-CA0A609BE383}.Release|Win32.Build.0 = Release|Win32
	EndGlobalSection
	GlobalSection(SolutionProperties) = preSolution
		HideSolutionNode = FALSE
	EndGlobalSection
EndGlobal
